// !$*UTF8*$!
{
	archiveVersion = 1;
	classes = {
	};
	objectVersion = 46;
	objects = {

/* Begin PBXBuildFile section */
		04C391761B8E9D3B006D2F50 /* main.m in Sources */ = {isa = PBXBuildFile; fileRef = 04C391751B8E9D3B006D2F50 /* main.m */; };
		04C391791B8E9D3B006D2F50 /* AppDelegate.m in Sources */ = {isa = PBXBuildFile; fileRef = 04C391781B8E9D3B006D2F50 /* AppDelegate.m */; };
		04C3917C1B8E9D3B006D2F50 /* MidTerm.xcdatamodeld in Sources */ = {isa = PBXBuildFile; fileRef = 04C3917A1B8E9D3B006D2F50 /* MidTerm.xcdatamodeld */; };
		04C3917F1B8E9D3B006D2F50 /* ViewController.m in Sources */ = {isa = PBXBuildFile; fileRef = 04C3917E1B8E9D3B006D2F50 /* ViewController.m */; };
		04C391821B8E9D3B006D2F50 /* Main.storyboard in Resources */ = {isa = PBXBuildFile; fileRef = 04C391801B8E9D3B006D2F50 /* Main.storyboard */; };
		04C391841B8E9D3B006D2F50 /* Images.xcassets in Resources */ = {isa = PBXBuildFile; fileRef = 04C391831B8E9D3B006D2F50 /* Images.xcassets */; };
		04C391871B8E9D3B006D2F50 /* LaunchScreen.xib in Resources */ = {isa = PBXBuildFile; fileRef = 04C391851B8E9D3B006D2F50 /* LaunchScreen.xib */; };
		04C391931B8E9D3B006D2F50 /* MidTermTests.m in Sources */ = {isa = PBXBuildFile; fileRef = 04C391921B8E9D3B006D2F50 /* MidTermTests.m */; };
		04C3919E1B8EA62A006D2F50 /* DrawLinesViewController.m in Sources */ = {isa = PBXBuildFile; fileRef = 04C3919D1B8EA62A006D2F50 /* DrawLinesViewController.m */; };
		04C391A11B8EA704006D2F50 /* NewFeedViewController.m in Sources */ = {isa = PBXBuildFile; fileRef = 04C391A01B8EA704006D2F50 /* NewFeedViewController.m */; };
		04C391A41B8EA765006D2F50 /* GDCImageViewController.m in Sources */ = {isa = PBXBuildFile; fileRef = 04C391A31B8EA765006D2F50 /* GDCImageViewController.m */; };
/* End PBXBuildFile section */

/* Begin PBXContainerItemProxy section */
		04C3918D1B8E9D3B006D2F50 /* PBXContainerItemProxy */ = {
			isa = PBXContainerItemProxy;
			containerPortal = 04C391681B8E9D3B006D2F50 /* Project object */;
			proxyType = 1;
			remoteGlobalIDString = 04C3916F1B8E9D3B006D2F50;
			remoteInfo = MidTerm;
		};
/* End PBXContainerItemProxy section */

/* Begin PBXFileReference section */
		04C391701B8E9D3B006D2F50 /* MidTerm.app */ = {isa = PBXFileReference; explicitFileType = wrapper.application; includeInIndex = 0; path = MidTerm.app; sourceTree = BUILT_PRODUCTS_DIR; };
		04C391741B8E9D3B006D2F50 /* Info.plist */ = {isa = PBXFileReference; lastKnownFileType = text.plist.xml; path = Info.plist; sourceTree = "<group>"; };
		04C391751B8E9D3B006D2F50 /* main.m */ = {isa = PBXFileReference; lastKnownFileType = sourcecode.c.objc; path = main.m; sourceTree = "<group>"; };
		04C391771B8E9D3B006D2F50 /* AppDelegate.h */ = {isa = PBXFileReference; lastKnownFileType = sourcecode.c.h; path = AppDelegate.h; sourceTree = "<group>"; };
		04C391781B8E9D3B006D2F50 /* AppDelegate.m */ = {isa = PBXFileReference; lastKnownFileType = sourcecode.c.objc; path = AppDelegate.m; sourceTree = "<group>"; };
		04C3917B1B8E9D3B006D2F50 /* MidTerm.xcdatamodel */ = {isa = PBXFileReference; lastKnownFileType = wrapper.xcdatamodel; path = MidTerm.xcdatamodel; sourceTree = "<group>"; };
		04C3917D1B8E9D3B006D2F50 /* ViewController.h */ = {isa = PBXFileReference; lastKnownFileType = sourcecode.c.h; path = ViewController.h; sourceTree = "<group>"; };
		04C3917E1B8E9D3B006D2F50 /* ViewController.m */ = {isa = PBXFileReference; lastKnownFileType = sourcecode.c.objc; path = ViewController.m; sourceTree = "<group>"; };
		04C391811B8E9D3B006D2F50 /* Base */ = {isa = PBXFileReference; lastKnownFileType = file.storyboard; name = Base; path = Base.lproj/Main.storyboard; sourceTree = "<group>"; };
		04C391831B8E9D3B006D2F50 /* Images.xcassets */ = {isa = PBXFileReference; lastKnownFileType = folder.assetcatalog; path = Images.xcassets; sourceTree = "<group>"; };
		04C391861B8E9D3B006D2F50 /* Base */ = {isa = PBXFileReference; lastKnownFileType = file.xib; name = Base; path = Base.lproj/LaunchScreen.xib; sourceTree = "<group>"; };
		04C3918C1B8E9D3B006D2F50 /* MidTermTests.xctest */ = {isa = PBXFileReference; explicitFileType = wrapper.cfbundle; includeInIndex = 0; path = MidTermTests.xctest; sourceTree = BUILT_PRODUCTS_DIR; };
		04C391911B8E9D3B006D2F50 /* Info.plist */ = {isa = PBXFileReference; lastKnownFileType = text.plist.xml; path = Info.plist; sourceTree = "<group>"; };
		04C391921B8E9D3B006D2F50 /* MidTermTests.m */ = {isa = PBXFileReference; lastKnownFileType = sourcecode.c.objc; path = MidTermTests.m; sourceTree = "<group>"; };
		04C3919C1B8EA62A006D2F50 /* DrawLinesViewController.h */ = {isa = PBXFileReference; fileEncoding = 4; lastKnownFileType = sourcecode.c.h; path = DrawLinesViewController.h; sourceTree = "<group>"; };
		04C3919D1B8EA62A006D2F50 /* DrawLinesViewController.m */ = {isa = PBXFileReference; fileEncoding = 4; lastKnownFileType = sourcecode.c.objc; path = DrawLinesViewController.m; sourceTree = "<group>"; };
		04C3919F1B8EA704006D2F50 /* NewFeedViewController.h */ = {isa = PBXFileReference; fileEncoding = 4; lastKnownFileType = sourcecode.c.h; path = NewFeedViewController.h; sourceTree = "<group>"; };
		04C391A01B8EA704006D2F50 /* NewFeedViewController.m */ = {isa = PBXFileReference; fileEncoding = 4; lastKnownFileType = sourcecode.c.objc; path = NewFeedViewController.m; sourceTree = "<group>"; };
		04C391A21B8EA765006D2F50 /* GDCImageViewController.h */ = {isa = PBXFileReference; fileEncoding = 4; lastKnownFileType = sourcecode.c.h; path = GDCImageViewController.h; sourceTree = "<group>"; };
		04C391A31B8EA765006D2F50 /* GDCImageViewController.m */ = {isa = PBXFileReference; fileEncoding = 4; lastKnownFileType = sourcecode.c.objc; path = GDCImageViewController.m; sourceTree = "<group>"; };
/* End PBXFileReference section */

/* Begin PBXFrameworksBuildPhase section */
		04C3916D1B8E9D3B006D2F50 /* Frameworks */ = {
			isa = PBXFrameworksBuildPhase;
			buildActionMask = 2147483647;
			files = (
			);
			runOnlyForDeploymentPostprocessing = 0;
		};
		04C391891B8E9D3B006D2F50 /* Frameworks */ = {
			isa = PBXFrameworksBuildPhase;
			buildActionMask = 2147483647;
			files = (
			);
			runOnlyForDeploymentPostprocessing = 0;
		};
/* End PBXFrameworksBuildPhase section */

/* Begin PBXGroup section */
		04C391671B8E9D3B006D2F50 = {
			isa = PBXGroup;
			children = (
				04C391721B8E9D3B006D2F50 /* MidTerm */,
				04C3918F1B8E9D3B006D2F50 /* MidTermTests */,
				04C391711B8E9D3B006D2F50 /* Products */,
			);
			sourceTree = "<group>";
		};
		04C391711B8E9D3B006D2F50 /* Products */ = {
			isa = PBXGroup;
			children = (
				04C391701B8E9D3B006D2F50 /* MidTerm.app */,
				04C3918C1B8E9D3B006D2F50 /* MidTermTests.xctest */,
			);
			name = Products;
			sourceTree = "<group>";
		};
		04C391721B8E9D3B006D2F50 /* MidTerm */ = {
			isa = PBXGroup;
			children = (
				04C391A81B8EB97A006D2F50 /* XMLPARSON */,
				04C391A71B8EB971006D2F50 /* Model Class */,
				04C391A61B8EB967006D2F50 /* Connection */,
				04C391771B8E9D3B006D2F50 /* AppDelegate.h */,
				04C391781B8E9D3B006D2F50 /* AppDelegate.m */,
				04C3917D1B8E9D3B006D2F50 /* ViewController.h */,
				04C3917E1B8E9D3B006D2F50 /* ViewController.m */,
				04C391A51B8EB943006D2F50 /* ViewControllers */,
				04C391801B8E9D3B006D2F50 /* Main.storyboard */,
				04C391831B8E9D3B006D2F50 /* Images.xcassets */,
				04C391851B8E9D3B006D2F50 /* LaunchScreen.xib */,
				04C3917A1B8E9D3B006D2F50 /* MidTerm.xcdatamodeld */,
				04C391731B8E9D3B006D2F50 /* Supporting Files */,
			);
			path = MidTerm;
			sourceTree = "<group>";
		};
		04C391731B8E9D3B006D2F50 /* Supporting Files */ = {
			isa = PBXGroup;
			children = (
				04C391741B8E9D3B006D2F50 /* Info.plist */,
				04C391751B8E9D3B006D2F50 /* main.m */,
			);
			name = "Supporting Files";
			sourceTree = "<group>";
		};
		04C3918F1B8E9D3B006D2F50 /* MidTermTests */ = {
			isa = PBXGroup;
			children = (
				04C391921B8E9D3B006D2F50 /* MidTermTests.m */,
				04C391901B8E9D3B006D2F50 /* Supporting Files */,
			);
			path = MidTermTests;
			sourceTree = "<group>";
		};
		04C391901B8E9D3B006D2F50 /* Supporting Files */ = {
			isa = PBXGroup;
			children = (
				04C391911B8E9D3B006D2F50 /* Info.plist */,
			);
			name = "Supporting Files";
			sourceTree = "<group>";
		};
		04C391A51B8EB943006D2F50 /* ViewControllers */ = {
			isa = PBXGroup;
			children = (
				04C3919C1B8EA62A006D2F50 /* DrawLinesViewController.h */,
				04C3919D1B8EA62A006D2F50 /* DrawLinesViewController.m */,
				04C391A21B8EA765006D2F50 /* GDCImageViewController.h */,
				04C391A31B8EA765006D2F50 /* GDCImageViewController.m */,
				04C3919F1B8EA704006D2F50 /* NewFeedViewController.h */,
				04C391A01B8EA704006D2F50 /* NewFeedViewController.m */,
			);
			name = ViewControllers;
			sourceTree = "<group>";
		};
		04C391A61B8EB967006D2F50 /* Connection */ = {
			isa = PBXGroup;
			children = (
			);
			name = Connection;
			sourceTree = "<group>";
		};
		04C391A71B8EB971006D2F50 /* Model Class */ = {
			isa = PBXGroup;
			children = (
			);
			name = "Model Class";
			sourceTree = "<group>";
		};
		04C391A81B8EB97A006D2F50 /* XMLPARSON */ = {
			isa = PBXGroup;
			children = (
			);
			name = XMLPARSON;
			sourceTree = "<group>";
		};
/* End PBXGroup section */

/* Begin PBXNativeTarget section */
		04C3916F1B8E9D3B006D2F50 /* MidTerm */ = {
			isa = PBXNativeTarget;
			buildConfigurationList = 04C391961B8E9D3B006D2F50 /* Build configuration list for PBXNativeTarget "MidTerm" */;
			buildPhases = (
				04C3916C1B8E9D3B006D2F50 /* Sources */,
				04C3916D1B8E9D3B006D2F50 /* Frameworks */,
				04C3916E1B8E9D3B006D2F50 /* Resources */,
			);
			buildRules = (
			);
			dependencies = (
			);
			name = MidTerm;
			productName = MidTerm;
			productReference = 04C391701B8E9D3B006D2F50 /* MidTerm.app */;
			productType = "com.apple.product-type.application";
		};
		04C3918B1B8E9D3B006D2F50 /* MidTermTests */ = {
			isa = PBXNativeTarget;
			buildConfigurationList = 04C391991B8E9D3B006D2F50 /* Build configuration list for PBXNativeTarget "MidTermTests" */;
			buildPhases = (
				04C391881B8E9D3B006D2F50 /* Sources */,
				04C391891B8E9D3B006D2F50 /* Frameworks */,
				04C3918A1B8E9D3B006D2F50 /* Resources */,
			);
			buildRules = (
			);
			dependencies = (
				04C3918E1B8E9D3B006D2F50 /* PBXTargetDependency */,
			);
			name = MidTermTests;
			productName = MidTermTests;
			productReference = 04C3918C1B8E9D3B006D2F50 /* MidTermTests.xctest */;
			productType = "com.apple.product-type.bundle.unit-test";
		};
/* End PBXNativeTarget section */

/* Begin PBXProject section */
		04C391681B8E9D3B006D2F50 /* Project object */ = {
			isa = PBXProject;
			attributes = {
				LastUpgradeCheck = 0640;
				ORGANIZATIONNAME = MCS;
				TargetAttributes = {
					04C3916F1B8E9D3B006D2F50 = {
						CreatedOnToolsVersion = 6.4;
					};
					04C3918B1B8E9D3B006D2F50 = {
						CreatedOnToolsVersion = 6.4;
						TestTargetID = 04C3916F1B8E9D3B006D2F50;
					};
				};
			};
			buildConfigurationList = 04C3916B1B8E9D3B006D2F50 /* Build configuration list for PBXProject "MidTerm" */;
			compatibilityVersion = "Xcode 3.2";
			developmentRegion = English;
			hasScannedForEncodings = 0;
			knownRegions = (
				en,
				Base,
			);
			mainGroup = 04C391671B8E9D3B006D2F50;
			productRefGroup = 04C391711B8E9D3B006D2F50 /* Products */;
			projectDirPath = "";
			projectRoot = "";
			targets = (
				04C3916F1B8E9D3B006D2F50 /* MidTerm */,
				04C3918B1B8E9D3B006D2F50 /* MidTermTests */,
			);
		};
/* End PBXProject section */

/* Begin PBXResourcesBuildPhase section */
		04C3916E1B8E9D3B006D2F50 /* Resources */ = {
			isa = PBXResourcesBuildPhase;
			buildActionMask = 2147483647;
			files = (
				04C391821B8E9D3B006D2F50 /* Main.storyboard in Resources */,
				04C391871B8E9D3B006D2F50 /* LaunchScreen.xib in Resources */,
				04C391841B8E9D3B006D2F50 /* Images.xcassets in Resources */,
			);
			runOnlyForDeploymentPostprocessing = 0;
		};
		04C3918A1B8E9D3B006D2F50 /* Resources */ = {
			isa = PBXResourcesBuildPhase;
			buildActionMask = 2147483647;
			files = (
			);
			runOnlyForDeploymentPostprocessing = 0;
		};
/* End PBXResourcesBuildPhase section */

/* Begin PBXSourcesBuildPhase section */
		04C3916C1B8E9D3B006D2F50 /* Sources */ = {
			isa = PBXSourcesBuildPhase;
			buildActionMask = 2147483647;
			files = (
				04C3917C1B8E9D3B006D2F50 /* MidTerm.xcdatamodeld in Sources */,
				04C391A11B8EA704006D2F50 /* NewFeedViewController.m in Sources */,
				04C391A41B8EA765006D2F50 /* GDCImageViewController.m in Sources */,
				04C3919E1B8EA62A006D2F50 /* DrawLinesViewController.m in Sources */,
				04C391791B8E9D3B006D2F50 /* AppDelegate.m in Sources */,
				04C3917F1B8E9D3B006D2F50 /* ViewController.m in Sources */,
				04C391761B8E9D3B006D2F50 /* main.m in Sources */,
			);
			runOnlyForDeploymentPostprocessing = 0;
		};
		04C391881B8E9D3B006D2F50 /* Sources */ = {
			isa = PBXSourcesBuildPhase;
			buildActionMask = 2147483647;
			files = (
				04C391931B8E9D3B006D2F50 /* MidTermTests.m in Sources */,
			);
			runOnlyForDeploymentPostprocessing = 0;
		};
/* End PBXSourcesBuildPhase section */

/* Begin PBXTargetDependency section */
		04C3918E1B8E9D3B006D2F50 /* PBXTargetDependency */ = {
			isa = PBXTargetDependency;
			target = 04C3916F1B8E9D3B006D2F50 /* MidTerm */;
			targetProxy = 04C3918D1B8E9D3B006D2F50 /* PBXContainerItemProxy */;
		};
/* End PBXTargetDependency section */

/* Begin PBXVariantGroup section */
		04C391801B8E9D3B006D2F50 /* Main.storyboard */ = {
			isa = PBXVariantGroup;
			children = (
				04C391811B8E9D3B006D2F50 /* Base */,
			);
			name = Main.storyboard;
			sourceTree = "<group>";
		};
		04C391851B8E9D3B006D2F50 /* LaunchScreen.xib */ = {
			isa = PBXVariantGroup;
			children = (
				04C391861B8E9D3B006D2F50 /* Base */,
			);
			name = LaunchScreen.xib;
			sourceTree = "<group>";
		};
/* End PBXVariantGroup section */

/* Begin XCBuildConfiguration section */
		04C391941B8E9D3B006D2F50 /* Debug */ = {
			isa = XCBuildConfiguration;
			buildSettings = {
				ALWAYS_SEARCH_USER_PATHS = NO;
				CLANG_CXX_LANGUAGE_STANDARD = "gnu++0x";
				CLANG_CXX_LIBRARY = "libc++";
				CLANG_ENABLE_MODULES = YES;
				CLANG_ENABLE_OBJC_ARC = YES;
				CLANG_WARN_BOOL_CONVERSION = YES;
				CLANG_WARN_CONSTANT_CONVERSION = YES;
				CLANG_WARN_DIRECT_OBJC_ISA_USAGE = YES_ERROR;
				CLANG_WARN_EMPTY_BODY = YES;
				CLANG_WARN_ENUM_CONVERSION = YES;
				CLANG_WARN_INT_CONVERSION = YES;
				CLANG_WARN_OBJC_ROOT_CLASS = YES_ERROR;
				CLANG_WARN_UNREACHABLE_CODE = YES;
				CLANG_WARN__DUPLICATE_METHOD_MATCH = YES;
				"CODE_SIGN_IDENTITY[sdk=iphoneos*]" = "iPhone Developer";
				COPY_PHASE_STRIP = NO;
				DEBUG_INFORMATION_FORMAT = "dwarf-with-dsym";
				ENABLE_STRICT_OBJC_MSGSEND = YES;
				GCC_C_LANGUAGE_STANDARD = gnu99;
				GCC_DYNAMIC_NO_PIC = NO;
				GCC_NO_COMMON_BLOCKS = YES;
				GCC_OPTIMIZATION_LEVEL = 0;
				GCC_PREPROCESSOR_DEFINITIONS = (
					"DEBUG=1",
					"$(inherited)",
				);
				GCC_SYMBOLS_PRIVATE_EXTERN = NO;
				GCC_WARN_64_TO_32_BIT_CONVERSION = YES;
				GCC_WARN_ABOUT_RETURN_TYPE = YES_ERROR;
				GCC_WARN_UNDECLARED_SELECTOR = YES;
				GCC_WARN_UNINITIALIZED_AUTOS = YES_AGGRESSIVE;
				GCC_WARN_UNUSED_FUNCTION = YES;
				GCC_WARN_UNUSED_VARIABLE = YES;
				IPHONEOS_DEPLOYMENT_TARGET = 8.4;
				MTL_ENABLE_DEBUG_INFO = YES;
				ONLY_ACTIVE_ARCH = YES;
				SDKROOT = iphoneos;
			};
			name = Debug;
		};
		04C391951B8E9D3B006D2F50 /* Release */ = {
			isa = XCBuildConfiguration;
			buildSettings = {
				ALWAYS_SEARCH_USER_PATHS = NO;
				CLANG_CXX_LANGUAGE_STANDARD = "gnu++0x";
				CLANG_CXX_LIBRARY = "libc++";
				CLANG_ENABLE_MODULES = YES;
				CLANG_ENABLE_OBJC_ARC = YES;
				CLANG_WARN_BOOL_CONVERSION = YES;
				CLANG_WARN_CONSTANT_CONVERSION = YES;
				CLANG_WARN_DIRECT_OBJC_ISA_USAGE = YES_ERROR;
				CLANG_WARN_EMPTY_BODY = YES;
				CLANG_WARN_ENUM_CONVERSION = YES;
				CLANG_WARN_INT_CONVERSION = YES;
				CLANG_WARN_OBJC_ROOT_CLASS = YES_ERROR;
				CLANG_WARN_UNREACHABLE_CODE = YES;
				CLANG_WARN__DUPLICATE_METHOD_MATCH = YES;
				"CODE_SIGN_IDENTITY[sdk=iphoneos*]" = "iPhone Developer";
				COPY_PHASE_STRIP = NO;
				DEBUG_INFORMATION_FORMAT = "dwarf-with-dsym";
				ENABLE_NS_ASSERTIONS = NO;
				ENABLE_STRICT_OBJC_MSGSEND = YES;
				GCC_C_LANGUAGE_STANDARD = gnu99;
				GCC_NO_COMMON_BLOCKS = YES;
				GCC_WARN_64_TO_32_BIT_CONVERSION = YES;
				GCC_WARN_ABOUT_RETURN_TYPE = YES_ERROR;
				GCC_WARN_UNDECLARED_SELECTOR = YES;
				GCC_WARN_UNINITIALIZED_AUTOS = YES_AGGRESSIVE;
				GCC_WARN_UNUSED_FUNCTION = YES;
				GCC_WARN_UNUSED_VARIABLE = YES;
				IPHONEOS_DEPLOYMENT_TARGET = 8.4;
				MTL_ENABLE_DEBUG_INFO = NO;
				SDKROOT = iphoneos;
				VALIDATE_PRODUCT = YES;
			};
			name = Release;
		};
		04C391971B8E9D3B006D2F50 /* Debug */ = {
			isa = XCBuildConfiguration;
			buildSettings = {
				ASSETCATALOG_COMPILER_APPICON_NAME = AppIcon;
				INFOPLIST_FILE = MidTerm/Info.plist;
				LD_RUNPATH_SEARCH_PATHS = "$(inherited) @executable_path/Frameworks";
				PRODUCT_NAME = "$(TARGET_NAME)";
			};
			name = Debug;
		};
		04C391981B8E9D3B006D2F50 /* Release */ = {
			isa = XCBuildConfiguration;
			buildSettings = {
				ASSETCATALOG_COMPILER_APPICON_NAME = AppIcon;
				INFOPLIST_FILE = MidTerm/Info.plist;
				LD_RUNPATH_SEARCH_PATHS = "$(inherited) @executable_path/Frameworks";
				PRODUCT_NAME = "$(TARGET_NAME)";
			};
			name = Release;
		};
		04C3919A1B8E9D3B006D2F50 /* Debug */ = {
			isa = XCBuildConfiguration;
			buildSettings = {
				BUNDLE_LOADER = "$(TEST_HOST)";
				FRAMEWORK_SEARCH_PATHS = (
					"$(SDKROOT)/Developer/Library/Frameworks",
					"$(inherited)",
				);
				GCC_PREPROCESSOR_DEFINITIONS = (
					"DEBUG=1",
					"$(inherited)",
				);
				INFOPLIST_FILE = MidTermTests/Info.plist;
				LD_RUNPATH_SEARCH_PATHS = "$(inherited) @executable_path/Frameworks @loader_path/Frameworks";
				PRODUCT_NAME = "$(TARGET_NAME)";
				TEST_HOST = "$(BUILT_PRODUCTS_DIR)/MidTerm.app/MidTerm";
			};
			name = Debug;
		};
		04C3919B1B8E9D3B006D2F50 /* Release */ = {
			isa = XCBuildConfiguration;
			buildSettings = {
				BUNDLE_LOADER = "$(TEST_HOST)";
				FRAMEWORK_SEARCH_PATHS = (
					"$(SDKROOT)/Developer/Library/Frameworks",
					"$(inherited)",
				);
				INFOPLIST_FILE = MidTermTests/Info.plist;
				LD_RUNPATH_SEARCH_PATHS = "$(inherited) @executable_path/Frameworks @loader_path/Frameworks";
				PRODUCT_NAME = "$(TARGET_NAME)";
				TEST_HOST = "$(BUILT_PRODUCTS_DIR)/MidTerm.app/MidTerm";
			};
			name = Release;
		};
/* End XCBuildConfiguration section */

/* Begin XCConfigurationList section */
		04C3916B1B8E9D3B006D2F50 /* Build configuration list for PBXProject "MidTerm" */ = {
			isa = XCConfigurationList;
			buildConfigurations = (
				04C391941B8E9D3B006D2F50 /* Debug */,
				04C391951B8E9D3B006D2F50 /* Release */,
			);
			defaultConfigurationIsVisible = 0;
			defaultConfigurationName = Release;
		};
		04C391961B8E9D3B006D2F50 /* Build configuration list for PBXNativeTarget "MidTerm" */ = {
			isa = XCConfigurationList;
			buildConfigurations = (
				04C391971B8E9D3B006D2F50 /* Debug */,
				04C391981B8E9D3B006D2F50 /* Release */,
			);
			defaultConfigurationIsVisible = 0;
		};
		04C391991B8E9D3B006D2F50 /* Build configuration list for PBXNativeTarget "MidTermTests" */ = {
			isa = XCConfigurationList;
			buildConfigurations = (
				04C3919A1B8E9D3B006D2F50 /* Debug */,
				04C3919B1B8E9D3B006D2F50 /* Release */,
			);
			defaultConfigurationIsVisible = 0;
		};
/* End XCConfigurationList section */

/* Begin XCVersionGroup section */
		04C3917A1B8E9D3B006D2F50 /* MidTerm.xcdatamodeld */ = {
			isa = XCVersionGroup;
			children = (
				04C3917B1B8E9D3B006D2F50 /* MidTerm.xcdatamodel */,
			);
			currentVersion = 04C3917B1B8E9D3B006D2F50 /* MidTerm.xcdatamodel */;
			path = MidTerm.xcdatamodeld;
			sourceTree = "<group>";
			versionGroupType = wrapper.xcdatamodel;
		};
/* End XCVersionGroup section */
	};
	rootObject = 04C391681B8E9D3B006D2F50 /* Project object */;
}
