// !$*UTF8*$!
{
	archiveVersion = 1;
	classes = {
	};
	objectVersion = 46;
	objects = {

/* Begin PBXBuildFile section */
		040B96251B9293C200F5C9BC /* DBManager.m in Sources */ = {isa = PBXBuildFile; fileRef = 040B96241B9293C200F5C9BC /* DBManager.m */; };
		040B96281B92A0D200F5C9BC /* libsqlite3.0.dylib in Frameworks */ = {isa = PBXBuildFile; fileRef = 040B96261B92A0D200F5C9BC /* libsqlite3.0.dylib */; };
		040B96291B92A0D200F5C9BC /* libsqlite3.dylib in Frameworks */ = {isa = PBXBuildFile; fileRef = 040B96271B92A0D200F5C9BC /* libsqlite3.dylib */; };
		04461DF71B9419550008B707 /* GDCConnection.m in Sources */ = {isa = PBXBuildFile; fileRef = 04461DF61B9419550008B707 /* GDCConnection.m */; };
		04461DFA1B941C580008B707 /* JSONParsingGDC.m in Sources */ = {isa = PBXBuildFile; fileRef = 04461DF91B941C580008B707 /* JSONParsingGDC.m */; };
		04461DFD1B942D8D0008B707 /* Fuzz.m in Sources */ = {isa = PBXBuildFile; fileRef = 04461DFC1B942D8D0008B707 /* Fuzz.m */; };
		04461E001B94585E0008B707 /* RayWenderViewController.m in Sources */ = {isa = PBXBuildFile; fileRef = 04461DFF1B94585E0008B707 /* RayWenderViewController.m */; };
		044EDB671B90B2B800D8B6C0 /* newsDetailViewController.m in Sources */ = {isa = PBXBuildFile; fileRef = 044EDB661B90B2B800D8B6C0 /* newsDetailViewController.m */; };
		044EDB6E1B911D6C00D8B6C0 /* NewsWebViewController.m in Sources */ = {isa = PBXBuildFile; fileRef = 044EDB6D1B911D6C00D8B6C0 /* NewsWebViewController.m */; };
		04B13AFE1B9309C200415055 /* PaintView.m in Sources */ = {isa = PBXBuildFile; fileRef = 04B13AFD1B9309C200415055 /* PaintView.m */; };
		04B13B391B93ADDF00415055 /* CoreGraphics.framework in Frameworks */ = {isa = PBXBuildFile; fileRef = 04B13B381B93ADDF00415055 /* CoreGraphics.framework */; };
		04C391761B8E9D3B006D2F50 /* main.m in Sources */ = {isa = PBXBuildFile; fileRef = 04C391751B8E9D3B006D2F50 /* main.m */; };
		04C391791B8E9D3B006D2F50 /* AppDelegate.m in Sources */ = {isa = PBXBuildFile; fileRef = 04C391781B8E9D3B006D2F50 /* AppDelegate.m */; };
		04C3917C1B8E9D3B006D2F50 /* MidTerm.xcdatamodeld in Sources */ = {isa = PBXBuildFile; fileRef = 04C3917A1B8E9D3B006D2F50 /* MidTerm.xcdatamodeld */; };
		04C3917F1B8E9D3B006D2F50 /* ViewController.m in Sources */ = {isa = PBXBuildFile; fileRef = 04C3917E1B8E9D3B006D2F50 /* ViewController.m */; };
		04C391821B8E9D3B006D2F50 /* Main.storyboard in Resources */ = {isa = PBXBuildFile; fileRef = 04C391801B8E9D3B006D2F50 /* Main.storyboard */; };
		04C391841B8E9D3B006D2F50 /* Images.xcassets in Resources */ = {isa = PBXBuildFile; fileRef = 04C391831B8E9D3B006D2F50 /* Images.xcassets */; };
		04C391871B8E9D3B006D2F50 /* LaunchScreen.xib in Resources */ = {isa = PBXBuildFile; fileRef = 04C391851B8E9D3B006D2F50 /* LaunchScreen.xib */; };
		04C391931B8E9D3B006D2F50 /* MidTermTests.m in Sources */ = {isa = PBXBuildFile; fileRef = 04C391921B8E9D3B006D2F50 /* MidTermTests.m */; };
		04C3919E1B8EA62A006D2F50 /* DrawLinesViewController.m in Sources */ = {isa = PBXBuildFile; fileRef = 04C3919D1B8EA62A006D2F50 /* DrawLinesViewController.m */; };
		04C391A11B8EA704006D2F50 /* NewFeedViewController.m in Sources */ = {isa = PBXBuildFile; fileRef = 04C391A01B8EA704006D2F50 /* NewFeedViewController.m */; };
		04C391A41B8EA765006D2F50 /* GDCImageViewController.m in Sources */ = {isa = PBXBuildFile; fileRef = 04C391A31B8EA765006D2F50 /* GDCImageViewController.m */; };
		04CC6C561B94058B008A9E6B /* TouchTrackerView.m in Sources */ = {isa = PBXBuildFile; fileRef = 04CC6C551B94058B008A9E6B /* TouchTrackerView.m */; };
		04D076A71B9FD8320040F455 /* DosXUnoViewController.m in Sources */ = {isa = PBXBuildFile; fileRef = 04D076A51B9FD8320040F455 /* DosXUnoViewController.m */; };
		04D076A81B9FD8320040F455 /* DosXUnoViewController.xib in Resources */ = {isa = PBXBuildFile; fileRef = 04D076A61B9FD8320040F455 /* DosXUnoViewController.xib */; };
		04E658001B8F60ED0037E92C /* Connection.m in Sources */ = {isa = PBXBuildFile; fileRef = 04E657FF1B8F60ED0037E92C /* Connection.m */; };
		04E658031B8F71DB0037E92C /* XMLParson.m in Sources */ = {isa = PBXBuildFile; fileRef = 04E658021B8F71DB0037E92C /* XMLParson.m */; };
		04E658061B8F72D20037E92C /* News.m in Sources */ = {isa = PBXBuildFile; fileRef = 04E658051B8F72D20037E92C /* News.m */; };
		04E658091B8FD9F20037E92C /* JSONParsing.m in Sources */ = {isa = PBXBuildFile; fileRef = 04E658081B8FD9F20037E92C /* JSONParsing.m */; };
		04E6580C1B8FDF1A0037E92C /* Session.m in Sources */ = {isa = PBXBuildFile; fileRef = 04E6580B1B8FDF1A0037E92C /* Session.m */; };
/* End PBXBuildFile section */

/* Begin PBXContainerItemProxy section */
		04C3918D1B8E9D3B006D2F50 /* PBXContainerItemProxy */ = {
			isa = PBXContainerItemProxy;
			containerPortal = 04C391681B8E9D3B006D2F50 /* Project object */;
			proxyType = 1;
			remoteGlobalIDString = 04C3916F1B8E9D3B006D2F50;
			remoteInfo = MidTerm;
		};
/* End PBXContainerItemProxy section */

/* Begin PBXFileReference section */
		040B96231B9293B200F5C9BC /* DBManager.h */ = {isa = PBXFileReference; lastKnownFileType = sourcecode.c.h; path = DBManager.h; sourceTree = "<group>"; };
		040B96241B9293C200F5C9BC /* DBManager.m */ = {isa = PBXFileReference; fileEncoding = 4; lastKnownFileType = sourcecode.c.objc; path = DBManager.m; sourceTree = "<group>"; };
		040B96261B92A0D200F5C9BC /* libsqlite3.0.dylib */ = {isa = PBXFileReference; lastKnownFileType = "compiled.mach-o.dylib"; name = libsqlite3.0.dylib; path = usr/lib/libsqlite3.0.dylib; sourceTree = SDKROOT; };
		040B96271B92A0D200F5C9BC /* libsqlite3.dylib */ = {isa = PBXFileReference; lastKnownFileType = "compiled.mach-o.dylib"; name = libsqlite3.dylib; path = usr/lib/libsqlite3.dylib; sourceTree = SDKROOT; };
		04461DF51B9419550008B707 /* GDCConnection.h */ = {isa = PBXFileReference; fileEncoding = 4; lastKnownFileType = sourcecode.c.h; path = GDCConnection.h; sourceTree = "<group>"; };
		04461DF61B9419550008B707 /* GDCConnection.m */ = {isa = PBXFileReference; fileEncoding = 4; lastKnownFileType = sourcecode.c.objc; path = GDCConnection.m; sourceTree = "<group>"; };
		04461DF81B941C580008B707 /* JSONParsingGDC.h */ = {isa = PBXFileReference; fileEncoding = 4; lastKnownFileType = sourcecode.c.h; path = JSONParsingGDC.h; sourceTree = "<group>"; };
		04461DF91B941C580008B707 /* JSONParsingGDC.m */ = {isa = PBXFileReference; fileEncoding = 4; lastKnownFileType = sourcecode.c.objc; path = JSONParsingGDC.m; sourceTree = "<group>"; };
		04461DFB1B942D8D0008B707 /* Fuzz.h */ = {isa = PBXFileReference; fileEncoding = 4; lastKnownFileType = sourcecode.c.h; path = Fuzz.h; sourceTree = "<group>"; };
		04461DFC1B942D8D0008B707 /* Fuzz.m */ = {isa = PBXFileReference; fileEncoding = 4; lastKnownFileType = sourcecode.c.objc; path = Fuzz.m; sourceTree = "<group>"; };
		04461DFE1B94585E0008B707 /* RayWenderViewController.h */ = {isa = PBXFileReference; fileEncoding = 4; lastKnownFileType = sourcecode.c.h; path = RayWenderViewController.h; sourceTree = "<group>"; };
		04461DFF1B94585E0008B707 /* RayWenderViewController.m */ = {isa = PBXFileReference; fileEncoding = 4; lastKnownFileType = sourcecode.c.objc; path = RayWenderViewController.m; sourceTree = "<group>"; };
		044EDB651B90B2AC00D8B6C0 /* newsDetailViewController.h */ = {isa = PBXFileReference; lastKnownFileType = sourcecode.c.h; path = newsDetailViewController.h; sourceTree = "<group>"; };
		044EDB661B90B2B800D8B6C0 /* newsDetailViewController.m */ = {isa = PBXFileReference; fileEncoding = 4; lastKnownFileType = sourcecode.c.objc; path = newsDetailViewController.m; sourceTree = "<group>"; };
		044EDB6C1B911D5A00D8B6C0 /* NewsWebViewController.h */ = {isa = PBXFileReference; lastKnownFileType = sourcecode.c.h; path = NewsWebViewController.h; sourceTree = "<group>"; };
		044EDB6D1B911D6C00D8B6C0 /* NewsWebViewController.m */ = {isa = PBXFileReference; fileEncoding = 4; lastKnownFileType = sourcecode.c.objc; path = NewsWebViewController.m; sourceTree = "<group>"; };
		04B13AFC1B9309C200415055 /* PaintView.h */ = {isa = PBXFileReference; fileEncoding = 4; lastKnownFileType = sourcecode.c.h; path = PaintView.h; sourceTree = "<group>"; };
		04B13AFD1B9309C200415055 /* PaintView.m */ = {isa = PBXFileReference; fileEncoding = 4; lastKnownFileType = sourcecode.c.objc; path = PaintView.m; sourceTree = "<group>"; };
		04B13B381B93ADDF00415055 /* CoreGraphics.framework */ = {isa = PBXFileReference; lastKnownFileType = wrapper.framework; name = CoreGraphics.framework; path = System/Library/Frameworks/CoreGraphics.framework; sourceTree = SDKROOT; };
		04C391701B8E9D3B006D2F50 /* MidTerm.app */ = {isa = PBXFileReference; explicitFileType = wrapper.application; includeInIndex = 0; path = MidTerm.app; sourceTree = BUILT_PRODUCTS_DIR; };
		04C391741B8E9D3B006D2F50 /* Info.plist */ = {isa = PBXFileReference; lastKnownFileType = text.plist.xml; path = Info.plist; sourceTree = "<group>"; };
		04C391751B8E9D3B006D2F50 /* main.m */ = {isa = PBXFileReference; lastKnownFileType = sourcecode.c.objc; path = main.m; sourceTree = "<group>"; };
		04C391771B8E9D3B006D2F50 /* AppDelegate.h */ = {isa = PBXFileReference; lastKnownFileType = sourcecode.c.h; path = AppDelegate.h; sourceTree = "<group>"; };
		04C391781B8E9D3B006D2F50 /* AppDelegate.m */ = {isa = PBXFileReference; lastKnownFileType = sourcecode.c.objc; path = AppDelegate.m; sourceTree = "<group>"; };
		04C3917B1B8E9D3B006D2F50 /* MidTerm.xcdatamodel */ = {isa = PBXFileReference; lastKnownFileType = wrapper.xcdatamodel; path = MidTerm.xcdatamodel; sourceTree = "<group>"; };
		04C3917D1B8E9D3B006D2F50 /* ViewController.h */ = {isa = PBXFileReference; lastKnownFileType = sourcecode.c.h; path = ViewController.h; sourceTree = "<group>"; };
		04C3917E1B8E9D3B006D2F50 /* ViewController.m */ = {isa = PBXFileReference; lastKnownFileType = sourcecode.c.objc; path = ViewController.m; sourceTree = "<group>"; };
		04C391811B8E9D3B006D2F50 /* Base */ = {isa = PBXFileReference; lastKnownFileType = file.storyboard; name = Base; path = Base.lproj/Main.storyboard; sourceTree = "<group>"; };
		04C391831B8E9D3B006D2F50 /* Images.xcassets */ = {isa = PBXFileReference; lastKnownFileType = folder.assetcatalog; path = Images.xcassets; sourceTree = "<group>"; };
		04C391861B8E9D3B006D2F50 /* Base */ = {isa = PBXFileReference; lastKnownFileType = file.xib; name = Base; path = Base.lproj/LaunchScreen.xib; sourceTree = "<group>"; };
		04C3918C1B8E9D3B006D2F50 /* MidTermTests.xctest */ = {isa = PBXFileReference; explicitFileType = wrapper.cfbundle; includeInIndex = 0; path = MidTermTests.xctest; sourceTree = BUILT_PRODUCTS_DIR; };
		04C391911B8E9D3B006D2F50 /* Info.plist */ = {isa = PBXFileReference; lastKnownFileType = text.plist.xml; path = Info.plist; sourceTree = "<group>"; };
		04C391921B8E9D3B006D2F50 /* MidTermTests.m */ = {isa = PBXFileReference; lastKnownFileType = sourcecode.c.objc; path = MidTermTests.m; sourceTree = "<group>"; };
		04C3919C1B8EA62A006D2F50 /* DrawLinesViewController.h */ = {isa = PBXFileReference; fileEncoding = 4; lastKnownFileType = sourcecode.c.h; path = DrawLinesViewController.h; sourceTree = "<group>"; };
		04C3919D1B8EA62A006D2F50 /* DrawLinesViewController.m */ = {isa = PBXFileReference; fileEncoding = 4; lastKnownFileType = sourcecode.c.objc; path = DrawLinesViewController.m; sourceTree = "<group>"; };
		04C3919F1B8EA704006D2F50 /* NewFeedViewController.h */ = {isa = PBXFileReference; fileEncoding = 4; lastKnownFileType = sourcecode.c.h; path = NewFeedViewController.h; sourceTree = "<group>"; };
		04C391A01B8EA704006D2F50 /* NewFeedViewController.m */ = {isa = PBXFileReference; fileEncoding = 4; lastKnownFileType = sourcecode.c.objc; path = NewFeedViewController.m; sourceTree = "<group>"; };
		04C391A21B8EA765006D2F50 /* GDCImageViewController.h */ = {isa = PBXFileReference; fileEncoding = 4; lastKnownFileType = sourcecode.c.h; path = GDCImageViewController.h; sourceTree = "<group>"; };
		04C391A31B8EA765006D2F50 /* GDCImageViewController.m */ = {isa = PBXFileReference; fileEncoding = 4; lastKnownFileType = sourcecode.c.objc; path = GDCImageViewController.m; sourceTree = "<group>"; };
		04CC6C541B94058B008A9E6B /* TouchTrackerView.h */ = {isa = PBXFileReference; fileEncoding = 4; lastKnownFileType = sourcecode.c.h; path = TouchTrackerView.h; sourceTree = "<group>"; };
		04CC6C551B94058B008A9E6B /* TouchTrackerView.m */ = {isa = PBXFileReference; fileEncoding = 4; lastKnownFileType = sourcecode.c.objc; path = TouchTrackerView.m; sourceTree = "<group>"; };
		04D076A41B9FD8320040F455 /* DosXUnoViewController.h */ = {isa = PBXFileReference; fileEncoding = 4; lastKnownFileType = sourcecode.c.h; path = DosXUnoViewController.h; sourceTree = "<group>"; };
		04D076A51B9FD8320040F455 /* DosXUnoViewController.m */ = {isa = PBXFileReference; fileEncoding = 4; lastKnownFileType = sourcecode.c.objc; path = DosXUnoViewController.m; sourceTree = "<group>"; };
		04D076A61B9FD8320040F455 /* DosXUnoViewController.xib */ = {isa = PBXFileReference; fileEncoding = 4; lastKnownFileType = file.xib; path = DosXUnoViewController.xib; sourceTree = "<group>"; };
		04E657FE1B8F60880037E92C /* Connection.h */ = {isa = PBXFileReference; lastKnownFileType = sourcecode.c.h; path = Connection.h; sourceTree = "<group>"; };
		04E657FF1B8F60ED0037E92C /* Connection.m */ = {isa = PBXFileReference; fileEncoding = 4; lastKnownFileType = sourcecode.c.objc; path = Connection.m; sourceTree = "<group>"; };
		04E658011B8F71950037E92C /* XMLParson.h */ = {isa = PBXFileReference; lastKnownFileType = sourcecode.c.h; path = XMLParson.h; sourceTree = "<group>"; };
		04E658021B8F71DB0037E92C /* XMLParson.m */ = {isa = PBXFileReference; fileEncoding = 4; lastKnownFileType = sourcecode.c.objc; path = XMLParson.m; sourceTree = "<group>"; };
		04E658041B8F72D20037E92C /* News.h */ = {isa = PBXFileReference; fileEncoding = 4; lastKnownFileType = sourcecode.c.h; path = News.h; sourceTree = "<group>"; };
		04E658051B8F72D20037E92C /* News.m */ = {isa = PBXFileReference; fileEncoding = 4; lastKnownFileType = sourcecode.c.objc; path = News.m; sourceTree = "<group>"; };
		04E658071B8FD9E80037E92C /* JSONParsing.h */ = {isa = PBXFileReference; lastKnownFileType = sourcecode.c.h; path = JSONParsing.h; sourceTree = "<group>"; };
		04E658081B8FD9F20037E92C /* JSONParsing.m */ = {isa = PBXFileReference; fileEncoding = 4; lastKnownFileType = sourcecode.c.objc; path = JSONParsing.m; sourceTree = "<group>"; };
		04E6580A1B8FDEFC0037E92C /* Session.h */ = {isa = PBXFileReference; lastKnownFileType = sourcecode.c.h; path = Session.h; sourceTree = "<group>"; };
		04E6580B1B8FDF1A0037E92C /* Session.m */ = {isa = PBXFileReference; fileEncoding = 4; lastKnownFileType = sourcecode.c.objc; path = Session.m; sourceTree = "<group>"; };
/* End PBXFileReference section */

/* Begin PBXFrameworksBuildPhase section */
		04C3916D1B8E9D3B006D2F50 /* Frameworks */ = {
			isa = PBXFrameworksBuildPhase;
			buildActionMask = 2147483647;
			files = (
				04B13B391B93ADDF00415055 /* CoreGraphics.framework in Frameworks */,
				040B96281B92A0D200F5C9BC /* libsqlite3.0.dylib in Frameworks */,
				040B96291B92A0D200F5C9BC /* libsqlite3.dylib in Frameworks */,
			);
			runOnlyForDeploymentPostprocessing = 0;
		};
		04C391891B8E9D3B006D2F50 /* Frameworks */ = {
			isa = PBXFrameworksBuildPhase;
			buildActionMask = 2147483647;
			files = (
			);
			runOnlyForDeploymentPostprocessing = 0;
		};
/* End PBXFrameworksBuildPhase section */

/* Begin PBXGroup section */
		040B96221B9292FF00F5C9BC /* DBManager */ = {
			isa = PBXGroup;
			children = (
				040B96231B9293B200F5C9BC /* DBManager.h */,
				040B96241B9293C200F5C9BC /* DBManager.m */,
			);
			name = DBManager;
			sourceTree = "<group>";
		};
		044EDB621B90B25700D8B6C0 /* News Feed scenes */ = {
			isa = PBXGroup;
			children = (
				04C3919F1B8EA704006D2F50 /* NewFeedViewController.h */,
				04C391A01B8EA704006D2F50 /* NewFeedViewController.m */,
				044EDB651B90B2AC00D8B6C0 /* newsDetailViewController.h */,
				044EDB661B90B2B800D8B6C0 /* newsDetailViewController.m */,
				044EDB6C1B911D5A00D8B6C0 /* NewsWebViewController.h */,
				044EDB6D1B911D6C00D8B6C0 /* NewsWebViewController.m */,
			);
			name = "News Feed scenes";
			sourceTree = "<group>";
		};
		044EDB631B90B27700D8B6C0 /* GDC Image scenes */ = {
			isa = PBXGroup;
			children = (
				04C391A21B8EA765006D2F50 /* GDCImageViewController.h */,
				04C391A31B8EA765006D2F50 /* GDCImageViewController.m */,
				04461DFE1B94585E0008B707 /* RayWenderViewController.h */,
				04461DFF1B94585E0008B707 /* RayWenderViewController.m */,
			);
			name = "GDC Image scenes";
			sourceTree = "<group>";
		};
		044EDB641B90B28100D8B6C0 /* Draw Lines Canvas scenes */ = {
			isa = PBXGroup;
			children = (
				04C3919C1B8EA62A006D2F50 /* DrawLinesViewController.h */,
				04C3919D1B8EA62A006D2F50 /* DrawLinesViewController.m */,
				04B13AFC1B9309C200415055 /* PaintView.h */,
				04B13AFD1B9309C200415055 /* PaintView.m */,
				04CC6C541B94058B008A9E6B /* TouchTrackerView.h */,
				04CC6C551B94058B008A9E6B /* TouchTrackerView.m */,
			);
			name = "Draw Lines Canvas scenes";
			sourceTree = "<group>";
		};
		04C391671B8E9D3B006D2F50 = {
			isa = PBXGroup;
			children = (
				04C391721B8E9D3B006D2F50 /* MidTerm */,
				04C3918F1B8E9D3B006D2F50 /* MidTermTests */,
				04C391711B8E9D3B006D2F50 /* Products */,
				04B13B381B93ADDF00415055 /* CoreGraphics.framework */,
				040B96261B92A0D200F5C9BC /* libsqlite3.0.dylib */,
				040B96271B92A0D200F5C9BC /* libsqlite3.dylib */,
			);
			sourceTree = "<group>";
		};
		04C391711B8E9D3B006D2F50 /* Products */ = {
			isa = PBXGroup;
			children = (
				04C391701B8E9D3B006D2F50 /* MidTerm.app */,
				04C3918C1B8E9D3B006D2F50 /* MidTermTests.xctest */,
			);
			name = Products;
			sourceTree = "<group>";
		};
		04C391721B8E9D3B006D2F50 /* MidTerm */ = {
			isa = PBXGroup;
			children = (
				040B96221B9292FF00F5C9BC /* DBManager */,
				04C391A61B8EB967006D2F50 /* Connection */,
				04C391A81B8EB97A006D2F50 /* Parsing */,
				04C391A71B8EB971006D2F50 /* Model Class */,
				04C391771B8E9D3B006D2F50 /* AppDelegate.h */,
				04C391781B8E9D3B006D2F50 /* AppDelegate.m */,
				04C3917D1B8E9D3B006D2F50 /* ViewController.h */,
				04C3917E1B8E9D3B006D2F50 /* ViewController.m */,
				04C391A51B8EB943006D2F50 /* ViewControllers */,
				04C391801B8E9D3B006D2F50 /* Main.storyboard */,
				04C391831B8E9D3B006D2F50 /* Images.xcassets */,
				04C391851B8E9D3B006D2F50 /* LaunchScreen.xib */,
				04C3917A1B8E9D3B006D2F50 /* MidTerm.xcdatamodeld */,
				04C391731B8E9D3B006D2F50 /* Supporting Files */,
			);
			path = MidTerm;
			sourceTree = "<group>";
		};
		04C391731B8E9D3B006D2F50 /* Supporting Files */ = {
			isa = PBXGroup;
			children = (
				04C391741B8E9D3B006D2F50 /* Info.plist */,
				04C391751B8E9D3B006D2F50 /* main.m */,
			);
			name = "Supporting Files";
			sourceTree = "<group>";
		};
		04C3918F1B8E9D3B006D2F50 /* MidTermTests */ = {
			isa = PBXGroup;
			children = (
				04C391921B8E9D3B006D2F50 /* MidTermTests.m */,
				04C391901B8E9D3B006D2F50 /* Supporting Files */,
				04D076A41B9FD8320040F455 /* DosXUnoViewController.h */,
				04D076A51B9FD8320040F455 /* DosXUnoViewController.m */,
				04D076A61B9FD8320040F455 /* DosXUnoViewController.xib */,
			);
			path = MidTermTests;
			sourceTree = "<group>";
		};
		04C391901B8E9D3B006D2F50 /* Supporting Files */ = {
			isa = PBXGroup;
			children = (
				04C391911B8E9D3B006D2F50 /* Info.plist */,
			);
			name = "Supporting Files";
			sourceTree = "<group>";
		};
		04C391A51B8EB943006D2F50 /* ViewControllers */ = {
			isa = PBXGroup;
			children = (
				044EDB641B90B28100D8B6C0 /* Draw Lines Canvas scenes */,
				044EDB631B90B27700D8B6C0 /* GDC Image scenes */,
				044EDB621B90B25700D8B6C0 /* News Feed scenes */,
			);
			name = ViewControllers;
			sourceTree = "<group>";
		};
		04C391A61B8EB967006D2F50 /* Connection */ = {
			isa = PBXGroup;
			children = (
				04E657FE1B8F60880037E92C /* Connection.h */,
				04E657FF1B8F60ED0037E92C /* Connection.m */,
				04E6580A1B8FDEFC0037E92C /* Session.h */,
				04E6580B1B8FDF1A0037E92C /* Session.m */,
				04461DF51B9419550008B707 /* GDCConnection.h */,
				04461DF61B9419550008B707 /* GDCConnection.m */,
			);
			name = Connection;
			sourceTree = "<group>";
		};
		04C391A71B8EB971006D2F50 /* Model Class */ = {
			isa = PBXGroup;
			children = (
				04E658041B8F72D20037E92C /* News.h */,
				04E658051B8F72D20037E92C /* News.m */,
				04461DFB1B942D8D0008B707 /* Fuzz.h */,
				04461DFC1B942D8D0008B707 /* Fuzz.m */,
			);
			name = "Model Class";
			sourceTree = "<group>";
		};
		04C391A81B8EB97A006D2F50 /* Parsing */ = {
			isa = PBXGroup;
			children = (
				04E658011B8F71950037E92C /* XMLParson.h */,
				04E658021B8F71DB0037E92C /* XMLParson.m */,
				04E658071B8FD9E80037E92C /* JSONParsing.h */,
				04E658081B8FD9F20037E92C /* JSONParsing.m */,
				04461DF81B941C580008B707 /* JSONParsingGDC.h */,
				04461DF91B941C580008B707 /* JSONParsingGDC.m */,
			);
			name = Parsing;
			sourceTree = "<group>";
		};
/* End PBXGroup section */

/* Begin PBXNativeTarget section */
		04C3916F1B8E9D3B006D2F50 /* MidTerm */ = {
			isa = PBXNativeTarget;
			buildConfigurationList = 04C391961B8E9D3B006D2F50 /* Build configuration list for PBXNativeTarget "MidTerm" */;
			buildPhases = (
				04C3916C1B8E9D3B006D2F50 /* Sources */,
				04C3916D1B8E9D3B006D2F50 /* Frameworks */,
				04C3916E1B8E9D3B006D2F50 /* Resources */,
			);
			buildRules = (
			);
			dependencies = (
			);
			name = MidTerm;
			productName = MidTerm;
			productReference = 04C391701B8E9D3B006D2F50 /* MidTerm.app */;
			productType = "com.apple.product-type.application";
		};
		04C3918B1B8E9D3B006D2F50 /* MidTermTests */ = {
			isa = PBXNativeTarget;
			buildConfigurationList = 04C391991B8E9D3B006D2F50 /* Build configuration list for PBXNativeTarget "MidTermTests" */;
			buildPhases = (
				04C391881B8E9D3B006D2F50 /* Sources */,
				04C391891B8E9D3B006D2F50 /* Frameworks */,
				04C3918A1B8E9D3B006D2F50 /* Resources */,
			);
			buildRules = (
			);
			dependencies = (
				04C3918E1B8E9D3B006D2F50 /* PBXTargetDependency */,
			);
			name = MidTermTests;
			productName = MidTermTests;
			productReference = 04C3918C1B8E9D3B006D2F50 /* MidTermTests.xctest */;
			productType = "com.apple.product-type.bundle.unit-test";
		};
/* End PBXNativeTarget section */

/* Begin PBXProject section */
		04C391681B8E9D3B006D2F50 /* Project object */ = {
			isa = PBXProject;
			attributes = {
				LastUpgradeCheck = 0640;
				ORGANIZATIONNAME = MCS;
				TargetAttributes = {
					04C3916F1B8E9D3B006D2F50 = {
						CreatedOnToolsVersion = 6.4;
					};
					04C3918B1B8E9D3B006D2F50 = {
						CreatedOnToolsVersion = 6.4;
						TestTargetID = 04C3916F1B8E9D3B006D2F50;
					};
				};
			};
			buildConfigurationList = 04C3916B1B8E9D3B006D2F50 /* Build configuration list for PBXProject "MidTerm" */;
			compatibilityVersion = "Xcode 3.2";
			developmentRegion = English;
			hasScannedForEncodings = 0;
			knownRegions = (
				en,
				Base,
			);
			mainGroup = 04C391671B8E9D3B006D2F50;
			productRefGroup = 04C391711B8E9D3B006D2F50 /* Products */;
			projectDirPath = "";
			projectRoot = "";
			targets = (
				04C3916F1B8E9D3B006D2F50 /* MidTerm */,
				04C3918B1B8E9D3B006D2F50 /* MidTermTests */,
			);
		};
/* End PBXProject section */

/* Begin PBXResourcesBuildPhase section */
		04C3916E1B8E9D3B006D2F50 /* Resources */ = {
			isa = PBXResourcesBuildPhase;
			buildActionMask = 2147483647;
			files = (
				04C391821B8E9D3B006D2F50 /* Main.storyboard in Resources */,
				04C391871B8E9D3B006D2F50 /* LaunchScreen.xib in Resources */,
				04C391841B8E9D3B006D2F50 /* Images.xcassets in Resources */,
			);
			runOnlyForDeploymentPostprocessing = 0;
		};
		04C3918A1B8E9D3B006D2F50 /* Resources */ = {
			isa = PBXResourcesBuildPhase;
			buildActionMask = 2147483647;
			files = (
				04D076A81B9FD8320040F455 /* DosXUnoViewController.xib in Resources */,
			);
			runOnlyForDeploymentPostprocessing = 0;
		};
/* End PBXResourcesBuildPhase section */

/* Begin PBXSourcesBuildPhase section */
		04C3916C1B8E9D3B006D2F50 /* Sources */ = {
			isa = PBXSourcesBuildPhase;
			buildActionMask = 2147483647;
			files = (
				04461DFD1B942D8D0008B707 /* Fuzz.m in Sources */,
				04E658061B8F72D20037E92C /* News.m in Sources */,
				04C3917C1B8E9D3B006D2F50 /* MidTerm.xcdatamodeld in Sources */,
				04C391A11B8EA704006D2F50 /* NewFeedViewController.m in Sources */,
				04C391A41B8EA765006D2F50 /* GDCImageViewController.m in Sources */,
				04E658091B8FD9F20037E92C /* JSONParsing.m in Sources */,
				04C3919E1B8EA62A006D2F50 /* DrawLinesViewController.m in Sources */,
				04461DF71B9419550008B707 /* GDCConnection.m in Sources */,
				04461DFA1B941C580008B707 /* JSONParsingGDC.m in Sources */,
				044EDB671B90B2B800D8B6C0 /* newsDetailViewController.m in Sources */,
				04461E001B94585E0008B707 /* RayWenderViewController.m in Sources */,
				04E658031B8F71DB0037E92C /* XMLParson.m in Sources */,
				04C391791B8E9D3B006D2F50 /* AppDelegate.m in Sources */,
				040B96251B9293C200F5C9BC /* DBManager.m in Sources */,
				04E6580C1B8FDF1A0037E92C /* Session.m in Sources */,
				04C3917F1B8E9D3B006D2F50 /* ViewController.m in Sources */,
				04C391761B8E9D3B006D2F50 /* main.m in Sources */,
				04CC6C561B94058B008A9E6B /* TouchTrackerView.m in Sources */,
				04B13AFE1B9309C200415055 /* PaintView.m in Sources */,
				044EDB6E1B911D6C00D8B6C0 /* NewsWebViewController.m in Sources */,
				04E658001B8F60ED0037E92C /* Connection.m in Sources */,
			);
			runOnlyForDeploymentPostprocessing = 0;
		};
		04C391881B8E9D3B006D2F50 /* Sources */ = {
			isa = PBXSourcesBuildPhase;
			buildActionMask = 2147483647;
			files = (
				04C391931B8E9D3B006D2F50 /* MidTermTests.m in Sources */,
				04D076A71B9FD8320040F455 /* DosXUnoViewController.m in Sources */,
			);
			runOnlyForDeploymentPostprocessing = 0;
		};
/* End PBXSourcesBuildPhase section */

/* Begin PBXTargetDependency section */
		04C3918E1B8E9D3B006D2F50 /* PBXTargetDependency */ = {
			isa = PBXTargetDependency;
			target = 04C3916F1B8E9D3B006D2F50 /* MidTerm */;
			targetProxy = 04C3918D1B8E9D3B006D2F50 /* PBXContainerItemProxy */;
		};
/* End PBXTargetDependency section */

/* Begin PBXVariantGroup section */
		04C391801B8E9D3B006D2F50 /* Main.storyboard */ = {
			isa = PBXVariantGroup;
			children = (
				04C391811B8E9D3B006D2F50 /* Base */,
			);
			name = Main.storyboard;
			sourceTree = "<group>";
		};
		04C391851B8E9D3B006D2F50 /* LaunchScreen.xib */ = {
			isa = PBXVariantGroup;
			children = (
				04C391861B8E9D3B006D2F50 /* Base */,
			);
			name = LaunchScreen.xib;
			sourceTree = "<group>";
		};
/* End PBXVariantGroup section */

/* Begin XCBuildConfiguration section */
		04C391941B8E9D3B006D2F50 /* Debug */ = {
			isa = XCBuildConfiguration;
			buildSettings = {
				ALWAYS_SEARCH_USER_PATHS = NO;
				CLANG_CXX_LANGUAGE_STANDARD = "gnu++0x";
				CLANG_CXX_LIBRARY = "libc++";
				CLANG_ENABLE_MODULES = YES;
				CLANG_ENABLE_OBJC_ARC = YES;
				CLANG_WARN_BOOL_CONVERSION = YES;
				CLANG_WARN_CONSTANT_CONVERSION = YES;
				CLANG_WARN_DIRECT_OBJC_ISA_USAGE = YES_ERROR;
				CLANG_WARN_EMPTY_BODY = YES;
				CLANG_WARN_ENUM_CONVERSION = YES;
				CLANG_WARN_INT_CONVERSION = YES;
				CLANG_WARN_OBJC_ROOT_CLASS = YES_ERROR;
				CLANG_WARN_UNREACHABLE_CODE = YES;
				CLANG_WARN__DUPLICATE_METHOD_MATCH = YES;
				"CODE_SIGN_IDENTITY[sdk=iphoneos*]" = "iPhone Developer";
				COPY_PHASE_STRIP = NO;
				DEBUG_INFORMATION_FORMAT = "dwarf-with-dsym";
				ENABLE_STRICT_OBJC_MSGSEND = YES;
				GCC_C_LANGUAGE_STANDARD = gnu99;
				GCC_DYNAMIC_NO_PIC = NO;
				GCC_NO_COMMON_BLOCKS = YES;
				GCC_OPTIMIZATION_LEVEL = 0;
				GCC_PREPROCESSOR_DEFINITIONS = (
					"DEBUG=1",
					"$(inherited)",
				);
				GCC_SYMBOLS_PRIVATE_EXTERN = NO;
				GCC_WARN_64_TO_32_BIT_CONVERSION = YES;
				GCC_WARN_ABOUT_RETURN_TYPE = YES_ERROR;
				GCC_WARN_UNDECLARED_SELECTOR = YES;
				GCC_WARN_UNINITIALIZED_AUTOS = YES_AGGRESSIVE;
				GCC_WARN_UNUSED_FUNCTION = YES;
				GCC_WARN_UNUSED_VARIABLE = YES;
				IPHONEOS_DEPLOYMENT_TARGET = 8.4;
				MTL_ENABLE_DEBUG_INFO = YES;
				ONLY_ACTIVE_ARCH = YES;
				SDKROOT = iphoneos;
			};
			name = Debug;
		};
		04C391951B8E9D3B006D2F50 /* Release */ = {
			isa = XCBuildConfiguration;
			buildSettings = {
				ALWAYS_SEARCH_USER_PATHS = NO;
				CLANG_CXX_LANGUAGE_STANDARD = "gnu++0x";
				CLANG_CXX_LIBRARY = "libc++";
				CLANG_ENABLE_MODULES = YES;
				CLANG_ENABLE_OBJC_ARC = YES;
				CLANG_WARN_BOOL_CONVERSION = YES;
				CLANG_WARN_CONSTANT_CONVERSION = YES;
				CLANG_WARN_DIRECT_OBJC_ISA_USAGE = YES_ERROR;
				CLANG_WARN_EMPTY_BODY = YES;
				CLANG_WARN_ENUM_CONVERSION = YES;
				CLANG_WARN_INT_CONVERSION = YES;
				CLANG_WARN_OBJC_ROOT_CLASS = YES_ERROR;
				CLANG_WARN_UNREACHABLE_CODE = YES;
				CLANG_WARN__DUPLICATE_METHOD_MATCH = YES;
				"CODE_SIGN_IDENTITY[sdk=iphoneos*]" = "iPhone Developer";
				COPY_PHASE_STRIP = NO;
				DEBUG_INFORMATION_FORMAT = "dwarf-with-dsym";
				ENABLE_NS_ASSERTIONS = NO;
				ENABLE_STRICT_OBJC_MSGSEND = YES;
				GCC_C_LANGUAGE_STANDARD = gnu99;
				GCC_NO_COMMON_BLOCKS = YES;
				GCC_WARN_64_TO_32_BIT_CONVERSION = YES;
				GCC_WARN_ABOUT_RETURN_TYPE = YES_ERROR;
				GCC_WARN_UNDECLARED_SELECTOR = YES;
				GCC_WARN_UNINITIALIZED_AUTOS = YES_AGGRESSIVE;
				GCC_WARN_UNUSED_FUNCTION = YES;
				GCC_WARN_UNUSED_VARIABLE = YES;
				IPHONEOS_DEPLOYMENT_TARGET = 8.4;
				MTL_ENABLE_DEBUG_INFO = NO;
				SDKROOT = iphoneos;
				VALIDATE_PRODUCT = YES;
			};
			name = Release;
		};
		04C391971B8E9D3B006D2F50 /* Debug */ = {
			isa = XCBuildConfiguration;
			buildSettings = {
				ASSETCATALOG_COMPILER_APPICON_NAME = "AppIcon-1";
				ASSETCATALOG_COMPILER_LAUNCHIMAGE_NAME = "LaunchImage-1";
				INFOPLIST_FILE = MidTerm/Info.plist;
				LD_RUNPATH_SEARCH_PATHS = "$(inherited) @executable_path/Frameworks";
				PRODUCT_NAME = "$(TARGET_NAME)";
			};
			name = Debug;
		};
		04C391981B8E9D3B006D2F50 /* Release */ = {
			isa = XCBuildConfiguration;
			buildSettings = {
				ASSETCATALOG_COMPILER_APPICON_NAME = "AppIcon-1";
				ASSETCATALOG_COMPILER_LAUNCHIMAGE_NAME = "LaunchImage-1";
				INFOPLIST_FILE = MidTerm/Info.plist;
				LD_RUNPATH_SEARCH_PATHS = "$(inherited) @executable_path/Frameworks";
				PRODUCT_NAME = "$(TARGET_NAME)";
			};
			name = Release;
		};
		04C3919A1B8E9D3B006D2F50 /* Debug */ = {
			isa = XCBuildConfiguration;
			buildSettings = {
				BUNDLE_LOADER = "$(TEST_HOST)";
				FRAMEWORK_SEARCH_PATHS = (
					"$(SDKROOT)/Developer/Library/Frameworks",
					"$(inherited)",
				);
				GCC_PREPROCESSOR_DEFINITIONS = (
					"DEBUG=1",
					"$(inherited)",
				);
				INFOPLIST_FILE = MidTermTests/Info.plist;
				LD_RUNPATH_SEARCH_PATHS = "$(inherited) @executable_path/Frameworks @loader_path/Frameworks";
				PRODUCT_NAME = "$(TARGET_NAME)";
				TEST_HOST = "$(BUILT_PRODUCTS_DIR)/MidTerm.app/MidTerm";
			};
			name = Debug;
		};
		04C3919B1B8E9D3B006D2F50 /* Release */ = {
			isa = XCBuildConfiguration;
			buildSettings = {
				BUNDLE_LOADER = "$(TEST_HOST)";
				FRAMEWORK_SEARCH_PATHS = (
					"$(SDKROOT)/Developer/Library/Frameworks",
					"$(inherited)",
				);
				INFOPLIST_FILE = MidTermTests/Info.plist;
				LD_RUNPATH_SEARCH_PATHS = "$(inherited) @executable_path/Frameworks @loader_path/Frameworks";
				PRODUCT_NAME = "$(TARGET_NAME)";
				TEST_HOST = "$(BUILT_PRODUCTS_DIR)/MidTerm.app/MidTerm";
			};
			name = Release;
		};
/* End XCBuildConfiguration section */

/* Begin XCConfigurationList section */
		04C3916B1B8E9D3B006D2F50 /* Build configuration list for PBXProject "MidTerm" */ = {
			isa = XCConfigurationList;
			buildConfigurations = (
				04C391941B8E9D3B006D2F50 /* Debug */,
				04C391951B8E9D3B006D2F50 /* Release */,
			);
			defaultConfigurationIsVisible = 0;
			defaultConfigurationName = Release;
		};
		04C391961B8E9D3B006D2F50 /* Build configuration list for PBXNativeTarget "MidTerm" */ = {
			isa = XCConfigurationList;
			buildConfigurations = (
				04C391971B8E9D3B006D2F50 /* Debug */,
				04C391981B8E9D3B006D2F50 /* Release */,
			);
			defaultConfigurationIsVisible = 0;
			defaultConfigurationName = Release;
		};
		04C391991B8E9D3B006D2F50 /* Build configuration list for PBXNativeTarget "MidTermTests" */ = {
			isa = XCConfigurationList;
			buildConfigurations = (
				04C3919A1B8E9D3B006D2F50 /* Debug */,
				04C3919B1B8E9D3B006D2F50 /* Release */,
			);
			defaultConfigurationIsVisible = 0;
			defaultConfigurationName = Release;
		};
/* End XCConfigurationList section */

/* Begin XCVersionGroup section */
		04C3917A1B8E9D3B006D2F50 /* MidTerm.xcdatamodeld */ = {
			isa = XCVersionGroup;
			children = (
				04C3917B1B8E9D3B006D2F50 /* MidTerm.xcdatamodel */,
			);
			currentVersion = 04C3917B1B8E9D3B006D2F50 /* MidTerm.xcdatamodel */;
			path = MidTerm.xcdatamodeld;
			sourceTree = "<group>";
			versionGroupType = wrapper.xcdatamodel;
		};
/* End XCVersionGroup section */
	};
	rootObject = 04C391681B8E9D3B006D2F50 /* Project object */;
}
